
Microsoft Visual Studio Solution File, Format Version 12.00
# Visual Studio Version 16
VisualStudioVersion = 16.0.32428.217
MinimumVisualStudioVersion = 10.0.40219.1
Project("{9A19103F-16F7-4668-BE54-9A1E7A4F7556}") = "ShoppingCart", "ShoppingCart.csproj", "{D623707C-3CE3-41BA-9705-305A24F14360}"
EndProject
Global
	GlobalSection(SolutionConfigurationPlatforms) = preSolution
		Debug|Any CPU = Debug|Any CPU
		Release|Any CPU = Release|Any CPU
	EndGlobalSection
	GlobalSection(ProjectConfigurationPlatforms) = postSolution
		{D623707C-3CE3-41BA-9705-305A24F14360}.Debug|Any CPU.ActiveCfg = Debug|Any CPU
		{D623707C-3CE3-41BA-9705-305A24F14360}.Debug|Any CPU.Build.0 = Debug|Any CPU
		{D623707C-3CE3-41BA-9705-305A24F14360}.Release|Any CPU.ActiveCfg = Release|Any CPU
		{D623707C-3CE3-41BA-9705-305A24F14360}.Release|Any CPU.Build.0 = Release|Any CPU
	EndGlobalSection
	GlobalSection(SolutionProperties) = preSolution
		HideSolutionNode = FALSE
	EndGlobalSection
	GlobalSection(ExtensibilityGlobals) = postSolution
		SolutionGuid = {1582BC6B-183E-46FE-93AD-8E49C61C233E}
	EndGlobalSection
EndGlobal
